
Microsoft Visual Studio Solution File, Format Version 12.00
# Visual Studio 2013
VisualStudioVersion = 12.0.31101.0
MinimumVisualStudioVersion = 10.0.40219.1
Project("{2150E333-8FDC-42A3-9474-1A3956D46DE8}") = "Loader", "Loader", "{704E7D49-AC74-4DFA-85C0-553B81DE8511}"
EndProject
Project("{2150E333-8FDC-42A3-9474-1A3956D46DE8}") = "Platforms", "Platforms", "{526034DC-19CA-415D-9282-FC3D05D11C23}"
EndProject
Project("{2150E333-8FDC-42A3-9474-1A3956D46DE8}") = ".nuget", ".nuget", "{ED50B140-4758-4498-AE20-4FCA1ECA43FF}"
	ProjectSection(SolutionItems) = preProject
		.nuget\NuGet.Config = .nuget\NuGet.Config
		.nuget\NuGet.exe = .nuget\NuGet.exe
	EndProjectSection
EndProject
Project("{2150E333-8FDC-42A3-9474-1A3956D46DE8}") = "Packaging", "Packaging", "{EE97A9B9-0A0E-4DBD-AD78-1630B36F32E2}"
EndProject
Project("{2150E333-8FDC-42A3-9474-1A3956D46DE8}") = "Shared", "Shared", "{5F18D685-284F-491C-A6BE-4BADB13D5C4A}"
EndProject
Project("{FAE04EC0-301F-11D3-BF4B-00C04F79EFBC}") = "Xamarin.Forms.Shim.Shared", "Xamarin.Forms.Shim.Shared\Xamarin.Forms.Shim.Shared.csproj", "{FBC76A5C-A5FA-4AC7-B618-954D2C3A8985}"
EndProject
Project("{2150E333-8FDC-42A3-9474-1A3956D46DE8}") = "Components", "Components", "{FE626B07-E7D9-42F6-A78E-03EE13661448}"
EndProject
Project("{FF286327-C783-4F7A-AB73-9BCBAD0D4460}") = "Xamarin.Forms.EtoForms", "Packaging\Xamarin.Forms.EtoForms\Xamarin.Forms.EtoForms.nuproj", "{5AB139B3-4E32-4AD6-A2EB-815D759D5F71}"
EndProject
Project("{FF286327-C783-4F7A-AB73-9BCBAD0D4460}") = "Xamarin.Forms.Shim", "Packaging\Xamarin.Forms.Shim\Xamarin.Forms.Shim.nuproj", "{7B0E0A36-DFF5-4CC8-BC79-E75428DE8F68}"
EndProject
Project("{FF286327-C783-4F7A-AB73-9BCBAD0D4460}") = "Harness.Platform.Support", "Packaging\Xamarin.Forms.Platform.Support\Harness.Platform.Support.nuproj", "{87FD0421-00C6-4466-AD71-FC8A3D1F09E1}"
EndProject
Project("{FAE04EC0-301F-11D3-BF4B-00C04F79EFBC}") = "EtoFormsSample", "EtoFormsSample\EtoFormsSample.csproj", "{D8A442F2-A2E6-4E01-8BF6-A3B42ED07AA6}"
EndProject
Project("{FAE04EC0-301F-11D3-BF4B-00C04F79EFBC}") = "Harness.Platform.Support", "Harness.Platform.Support\Harness.Platform.Support.csproj", "{351A5271-3295-464B-B76D-C2C5480235BE}"
EndProject
Project("{FAE04EC0-301F-11D3-BF4B-00C04F79EFBC}") = "Xamarin.Forms.Loader", "Xamarin.Forms.Loader\Xamarin.Forms.Loader.csproj", "{F269AFF2-784E-4668-9862-ADBB40463A3A}"
EndProject
Project("{FAE04EC0-301F-11D3-BF4B-00C04F79EFBC}") = "Xamarin.Forms.Platform.Net", "Xamarin.Forms.Platform.Net\Xamarin.Forms.Platform.Net.csproj", "{2CA084DE-B1A7-4B38-B39C-4E0C5FDC0F27}"
EndProject
Project("{FAE04EC0-301F-11D3-BF4B-00C04F79EFBC}") = "Xamarin.Forms.Platform.EtoForms", "Xamarin.Forms.Platform.EtoForms\Xamarin.Forms.Platform.EtoForms.csproj", "{CE8F70D7-DE52-489C-8CEA-6D1E817BB692}"
EndProject
Project("{FAE04EC0-301F-11D3-BF4B-00C04F79EFBC}") = "Xamarin.Forms.EtoForms", "Xamarin.Forms.EtoForms\Xamarin.Forms.EtoForms.csproj", "{1B04B972-871D-41E4-95F9-66A030ADE7E0}"
EndProject
Project("{FAE04EC0-301F-11D3-BF4B-00C04F79EFBC}") = "SampleApp", "SampleApp\SampleApp.csproj", "{67F9D3A8-F71E-4428-913F-C37AE82CDB24}"
EndProject
Global
	GlobalSection(SolutionConfigurationPlatforms) = preSolution
		Ad-Hoc|Any CPU = Ad-Hoc|Any CPU
		Ad-Hoc|iPhone = Ad-Hoc|iPhone
		Ad-Hoc|iPhoneSimulator = Ad-Hoc|iPhoneSimulator
		Ad-Hoc|Mixed Platforms = Ad-Hoc|Mixed Platforms
		AppStore|Any CPU = AppStore|Any CPU
		AppStore|iPhone = AppStore|iPhone
		AppStore|iPhoneSimulator = AppStore|iPhoneSimulator
		AppStore|Mixed Platforms = AppStore|Mixed Platforms
		Debug|Any CPU = Debug|Any CPU
		Debug|iPhone = Debug|iPhone
		Debug|iPhoneSimulator = Debug|iPhoneSimulator
		Debug|Mixed Platforms = Debug|Mixed Platforms
		Release|Any CPU = Release|Any CPU
		Release|iPhone = Release|iPhone
		Release|iPhoneSimulator = Release|iPhoneSimulator
		Release|Mixed Platforms = Release|Mixed Platforms
	EndGlobalSection
	GlobalSection(ProjectConfigurationPlatforms) = postSolution
		{FBC76A5C-A5FA-4AC7-B618-954D2C3A8985}.Ad-Hoc|Any CPU.ActiveCfg = Release|Any CPU
		{FBC76A5C-A5FA-4AC7-B618-954D2C3A8985}.Ad-Hoc|Any CPU.Build.0 = Release|Any CPU
		{FBC76A5C-A5FA-4AC7-B618-954D2C3A8985}.Ad-Hoc|iPhone.ActiveCfg = Release|Any CPU
		{FBC76A5C-A5FA-4AC7-B618-954D2C3A8985}.Ad-Hoc|iPhoneSimulator.ActiveCfg = Release|Any CPU
		{FBC76A5C-A5FA-4AC7-B618-954D2C3A8985}.Ad-Hoc|Mixed Platforms.ActiveCfg = Release|Any CPU
		{FBC76A5C-A5FA-4AC7-B618-954D2C3A8985}.Ad-Hoc|Mixed Platforms.Build.0 = Release|Any CPU
		{FBC76A5C-A5FA-4AC7-B618-954D2C3A8985}.AppStore|Any CPU.ActiveCfg = Release|Any CPU
		{FBC76A5C-A5FA-4AC7-B618-954D2C3A8985}.AppStore|Any CPU.Build.0 = Release|Any CPU
		{FBC76A5C-A5FA-4AC7-B618-954D2C3A8985}.AppStore|iPhone.ActiveCfg = Release|Any CPU
		{FBC76A5C-A5FA-4AC7-B618-954D2C3A8985}.AppStore|iPhoneSimulator.ActiveCfg = Release|Any CPU
		{FBC76A5C-A5FA-4AC7-B618-954D2C3A8985}.AppStore|Mixed Platforms.ActiveCfg = Release|Any CPU
		{FBC76A5C-A5FA-4AC7-B618-954D2C3A8985}.AppStore|Mixed Platforms.Build.0 = Release|Any CPU
		{FBC76A5C-A5FA-4AC7-B618-954D2C3A8985}.Debug|Any CPU.ActiveCfg = Debug|Any CPU
		{FBC76A5C-A5FA-4AC7-B618-954D2C3A8985}.Debug|iPhone.ActiveCfg = Debug|Any CPU
		{FBC76A5C-A5FA-4AC7-B618-954D2C3A8985}.Debug|iPhoneSimulator.ActiveCfg = Debug|Any CPU
		{FBC76A5C-A5FA-4AC7-B618-954D2C3A8985}.Debug|Mixed Platforms.ActiveCfg = Debug|Any CPU
		{FBC76A5C-A5FA-4AC7-B618-954D2C3A8985}.Debug|Mixed Platforms.Build.0 = Debug|Any CPU
		{FBC76A5C-A5FA-4AC7-B618-954D2C3A8985}.Release|Any CPU.ActiveCfg = Release|Any CPU
		{FBC76A5C-A5FA-4AC7-B618-954D2C3A8985}.Release|iPhone.ActiveCfg = Release|Any CPU
		{FBC76A5C-A5FA-4AC7-B618-954D2C3A8985}.Release|iPhoneSimulator.ActiveCfg = Release|Any CPU
		{FBC76A5C-A5FA-4AC7-B618-954D2C3A8985}.Release|Mixed Platforms.ActiveCfg = Release|Any CPU
		{FBC76A5C-A5FA-4AC7-B618-954D2C3A8985}.Release|Mixed Platforms.Build.0 = Release|Any CPU
		{5AB139B3-4E32-4AD6-A2EB-815D759D5F71}.Ad-Hoc|Any CPU.ActiveCfg = Release|Any CPU
		{5AB139B3-4E32-4AD6-A2EB-815D759D5F71}.Ad-Hoc|Any CPU.Build.0 = Release|Any CPU
		{5AB139B3-4E32-4AD6-A2EB-815D759D5F71}.Ad-Hoc|iPhone.ActiveCfg = Release|Any CPU
		{5AB139B3-4E32-4AD6-A2EB-815D759D5F71}.Ad-Hoc|iPhoneSimulator.ActiveCfg = Release|Any CPU
		{5AB139B3-4E32-4AD6-A2EB-815D759D5F71}.Ad-Hoc|Mixed Platforms.ActiveCfg = Release|Any CPU
		{5AB139B3-4E32-4AD6-A2EB-815D759D5F71}.Ad-Hoc|Mixed Platforms.Build.0 = Release|Any CPU
		{5AB139B3-4E32-4AD6-A2EB-815D759D5F71}.AppStore|Any CPU.ActiveCfg = Release|Any CPU
		{5AB139B3-4E32-4AD6-A2EB-815D759D5F71}.AppStore|Any CPU.Build.0 = Release|Any CPU
		{5AB139B3-4E32-4AD6-A2EB-815D759D5F71}.AppStore|iPhone.ActiveCfg = Release|Any CPU
		{5AB139B3-4E32-4AD6-A2EB-815D759D5F71}.AppStore|iPhoneSimulator.ActiveCfg = Release|Any CPU
		{5AB139B3-4E32-4AD6-A2EB-815D759D5F71}.AppStore|Mixed Platforms.ActiveCfg = Release|Any CPU
		{5AB139B3-4E32-4AD6-A2EB-815D759D5F71}.AppStore|Mixed Platforms.Build.0 = Release|Any CPU
		{5AB139B3-4E32-4AD6-A2EB-815D759D5F71}.Debug|Any CPU.ActiveCfg = Debug|Any CPU
		{5AB139B3-4E32-4AD6-A2EB-815D759D5F71}.Debug|Any CPU.Build.0 = Debug|Any CPU
		{5AB139B3-4E32-4AD6-A2EB-815D759D5F71}.Debug|iPhone.ActiveCfg = Debug|Any CPU
		{5AB139B3-4E32-4AD6-A2EB-815D759D5F71}.Debug|iPhoneSimulator.ActiveCfg = Debug|Any CPU
		{5AB139B3-4E32-4AD6-A2EB-815D759D5F71}.Debug|Mixed Platforms.ActiveCfg = Debug|Any CPU
		{5AB139B3-4E32-4AD6-A2EB-815D759D5F71}.Debug|Mixed Platforms.Build.0 = Debug|Any CPU
		{5AB139B3-4E32-4AD6-A2EB-815D759D5F71}.Release|Any CPU.ActiveCfg = Release|Any CPU
		{5AB139B3-4E32-4AD6-A2EB-815D759D5F71}.Release|Any CPU.Build.0 = Release|Any CPU
		{5AB139B3-4E32-4AD6-A2EB-815D759D5F71}.Release|iPhone.ActiveCfg = Release|Any CPU
		{5AB139B3-4E32-4AD6-A2EB-815D759D5F71}.Release|iPhoneSimulator.ActiveCfg = Release|Any CPU
		{5AB139B3-4E32-4AD6-A2EB-815D759D5F71}.Release|Mixed Platforms.ActiveCfg = Release|Any CPU
		{5AB139B3-4E32-4AD6-A2EB-815D759D5F71}.Release|Mixed Platforms.Build.0 = Release|Any CPU
		{7B0E0A36-DFF5-4CC8-BC79-E75428DE8F68}.Ad-Hoc|Any CPU.ActiveCfg = Release|Any CPU
		{7B0E0A36-DFF5-4CC8-BC79-E75428DE8F68}.Ad-Hoc|Any CPU.Build.0 = Release|Any CPU
		{7B0E0A36-DFF5-4CC8-BC79-E75428DE8F68}.Ad-Hoc|iPhone.ActiveCfg = Release|Any CPU
		{7B0E0A36-DFF5-4CC8-BC79-E75428DE8F68}.Ad-Hoc|iPhoneSimulator.ActiveCfg = Release|Any CPU
		{7B0E0A36-DFF5-4CC8-BC79-E75428DE8F68}.Ad-Hoc|Mixed Platforms.ActiveCfg = Release|Any CPU
		{7B0E0A36-DFF5-4CC8-BC79-E75428DE8F68}.Ad-Hoc|Mixed Platforms.Build.0 = Release|Any CPU
		{7B0E0A36-DFF5-4CC8-BC79-E75428DE8F68}.AppStore|Any CPU.ActiveCfg = Release|Any CPU
		{7B0E0A36-DFF5-4CC8-BC79-E75428DE8F68}.AppStore|Any CPU.Build.0 = Release|Any CPU
		{7B0E0A36-DFF5-4CC8-BC79-E75428DE8F68}.AppStore|iPhone.ActiveCfg = Release|Any CPU
		{7B0E0A36-DFF5-4CC8-BC79-E75428DE8F68}.AppStore|iPhoneSimulator.ActiveCfg = Release|Any CPU
		{7B0E0A36-DFF5-4CC8-BC79-E75428DE8F68}.AppStore|Mixed Platforms.ActiveCfg = Release|Any CPU
		{7B0E0A36-DFF5-4CC8-BC79-E75428DE8F68}.AppStore|Mixed Platforms.Build.0 = Release|Any CPU
		{7B0E0A36-DFF5-4CC8-BC79-E75428DE8F68}.Debug|Any CPU.ActiveCfg = Debug|Any CPU
		{7B0E0A36-DFF5-4CC8-BC79-E75428DE8F68}.Debug|Any CPU.Build.0 = Debug|Any CPU
		{7B0E0A36-DFF5-4CC8-BC79-E75428DE8F68}.Debug|iPhone.ActiveCfg = Debug|Any CPU
		{7B0E0A36-DFF5-4CC8-BC79-E75428DE8F68}.Debug|iPhoneSimulator.ActiveCfg = Debug|Any CPU
		{7B0E0A36-DFF5-4CC8-BC79-E75428DE8F68}.Debug|Mixed Platforms.ActiveCfg = Debug|Any CPU
		{7B0E0A36-DFF5-4CC8-BC79-E75428DE8F68}.Debug|Mixed Platforms.Build.0 = Debug|Any CPU
		{7B0E0A36-DFF5-4CC8-BC79-E75428DE8F68}.Release|Any CPU.ActiveCfg = Release|Any CPU
		{7B0E0A36-DFF5-4CC8-BC79-E75428DE8F68}.Release|Any CPU.Build.0 = Release|Any CPU
		{7B0E0A36-DFF5-4CC8-BC79-E75428DE8F68}.Release|iPhone.ActiveCfg = Release|Any CPU
		{7B0E0A36-DFF5-4CC8-BC79-E75428DE8F68}.Release|iPhoneSimulator.ActiveCfg = Release|Any CPU
		{7B0E0A36-DFF5-4CC8-BC79-E75428DE8F68}.Release|Mixed Platforms.ActiveCfg = Release|Any CPU
		{7B0E0A36-DFF5-4CC8-BC79-E75428DE8F68}.Release|Mixed Platforms.Build.0 = Release|Any CPU
		{87FD0421-00C6-4466-AD71-FC8A3D1F09E1}.Ad-Hoc|Any CPU.ActiveCfg = Release|Any CPU
		{87FD0421-00C6-4466-AD71-FC8A3D1F09E1}.Ad-Hoc|Any CPU.Build.0 = Release|Any CPU
		{87FD0421-00C6-4466-AD71-FC8A3D1F09E1}.Ad-Hoc|iPhone.ActiveCfg = Release|Any CPU
		{87FD0421-00C6-4466-AD71-FC8A3D1F09E1}.Ad-Hoc|iPhoneSimulator.ActiveCfg = Release|Any CPU
		{87FD0421-00C6-4466-AD71-FC8A3D1F09E1}.Ad-Hoc|Mixed Platforms.ActiveCfg = Release|Any CPU
		{87FD0421-00C6-4466-AD71-FC8A3D1F09E1}.Ad-Hoc|Mixed Platforms.Build.0 = Release|Any CPU
		{87FD0421-00C6-4466-AD71-FC8A3D1F09E1}.AppStore|Any CPU.ActiveCfg = Release|Any CPU
		{87FD0421-00C6-4466-AD71-FC8A3D1F09E1}.AppStore|Any CPU.Build.0 = Release|Any CPU
		{87FD0421-00C6-4466-AD71-FC8A3D1F09E1}.AppStore|iPhone.ActiveCfg = Release|Any CPU
		{87FD0421-00C6-4466-AD71-FC8A3D1F09E1}.AppStore|iPhoneSimulator.ActiveCfg = Release|Any CPU
		{87FD0421-00C6-4466-AD71-FC8A3D1F09E1}.AppStore|Mixed Platforms.ActiveCfg = Release|Any CPU
		{87FD0421-00C6-4466-AD71-FC8A3D1F09E1}.AppStore|Mixed Platforms.Build.0 = Release|Any CPU
		{87FD0421-00C6-4466-AD71-FC8A3D1F09E1}.Debug|Any CPU.ActiveCfg = Debug|Any CPU
		{87FD0421-00C6-4466-AD71-FC8A3D1F09E1}.Debug|Any CPU.Build.0 = Debug|Any CPU
		{87FD0421-00C6-4466-AD71-FC8A3D1F09E1}.Debug|iPhone.ActiveCfg = Debug|Any CPU
		{87FD0421-00C6-4466-AD71-FC8A3D1F09E1}.Debug|iPhoneSimulator.ActiveCfg = Debug|Any CPU
		{87FD0421-00C6-4466-AD71-FC8A3D1F09E1}.Debug|Mixed Platforms.ActiveCfg = Debug|Any CPU
		{87FD0421-00C6-4466-AD71-FC8A3D1F09E1}.Debug|Mixed Platforms.Build.0 = Debug|Any CPU
		{87FD0421-00C6-4466-AD71-FC8A3D1F09E1}.Release|Any CPU.ActiveCfg = Release|Any CPU
		{87FD0421-00C6-4466-AD71-FC8A3D1F09E1}.Release|Any CPU.Build.0 = Release|Any CPU
		{87FD0421-00C6-4466-AD71-FC8A3D1F09E1}.Release|iPhone.ActiveCfg = Release|Any CPU
		{87FD0421-00C6-4466-AD71-FC8A3D1F09E1}.Release|iPhoneSimulator.ActiveCfg = Release|Any CPU
		{87FD0421-00C6-4466-AD71-FC8A3D1F09E1}.Release|Mixed Platforms.ActiveCfg = Release|Any CPU
		{87FD0421-00C6-4466-AD71-FC8A3D1F09E1}.Release|Mixed Platforms.Build.0 = Release|Any CPU
		{D8A442F2-A2E6-4E01-8BF6-A3B42ED07AA6}.Ad-Hoc|Any CPU.ActiveCfg = Release|Any CPU
		{D8A442F2-A2E6-4E01-8BF6-A3B42ED07AA6}.Ad-Hoc|Any CPU.Build.0 = Release|Any CPU
		{D8A442F2-A2E6-4E01-8BF6-A3B42ED07AA6}.Ad-Hoc|iPhone.ActiveCfg = Release|Any CPU
		{D8A442F2-A2E6-4E01-8BF6-A3B42ED07AA6}.Ad-Hoc|iPhoneSimulator.ActiveCfg = Release|Any CPU
		{D8A442F2-A2E6-4E01-8BF6-A3B42ED07AA6}.Ad-Hoc|Mixed Platforms.ActiveCfg = Release|Any CPU
		{D8A442F2-A2E6-4E01-8BF6-A3B42ED07AA6}.Ad-Hoc|Mixed Platforms.Build.0 = Release|Any CPU
		{D8A442F2-A2E6-4E01-8BF6-A3B42ED07AA6}.AppStore|Any CPU.ActiveCfg = Release|Any CPU
		{D8A442F2-A2E6-4E01-8BF6-A3B42ED07AA6}.AppStore|Any CPU.Build.0 = Release|Any CPU
		{D8A442F2-A2E6-4E01-8BF6-A3B42ED07AA6}.AppStore|iPhone.ActiveCfg = Release|Any CPU
		{D8A442F2-A2E6-4E01-8BF6-A3B42ED07AA6}.AppStore|iPhoneSimulator.ActiveCfg = Release|Any CPU
		{D8A442F2-A2E6-4E01-8BF6-A3B42ED07AA6}.AppStore|Mixed Platforms.ActiveCfg = Release|Any CPU
		{D8A442F2-A2E6-4E01-8BF6-A3B42ED07AA6}.AppStore|Mixed Platforms.Build.0 = Release|Any CPU
		{D8A442F2-A2E6-4E01-8BF6-A3B42ED07AA6}.Debug|Any CPU.ActiveCfg = Debug|Any CPU
		{D8A442F2-A2E6-4E01-8BF6-A3B42ED07AA6}.Debug|Any CPU.Build.0 = Debug|Any CPU
		{D8A442F2-A2E6-4E01-8BF6-A3B42ED07AA6}.Debug|iPhone.ActiveCfg = Debug|Any CPU
		{D8A442F2-A2E6-4E01-8BF6-A3B42ED07AA6}.Debug|iPhoneSimulator.ActiveCfg = Debug|Any CPU
		{D8A442F2-A2E6-4E01-8BF6-A3B42ED07AA6}.Debug|Mixed Platforms.ActiveCfg = Debug|Any CPU
		{D8A442F2-A2E6-4E01-8BF6-A3B42ED07AA6}.Debug|Mixed Platforms.Build.0 = Debug|Any CPU
		{D8A442F2-A2E6-4E01-8BF6-A3B42ED07AA6}.Release|Any CPU.ActiveCfg = Release|Any CPU
		{D8A442F2-A2E6-4E01-8BF6-A3B42ED07AA6}.Release|Any CPU.Build.0 = Release|Any CPU
		{D8A442F2-A2E6-4E01-8BF6-A3B42ED07AA6}.Release|iPhone.ActiveCfg = Release|Any CPU
		{D8A442F2-A2E6-4E01-8BF6-A3B42ED07AA6}.Release|iPhoneSimulator.ActiveCfg = Release|Any CPU
		{D8A442F2-A2E6-4E01-8BF6-A3B42ED07AA6}.Release|Mixed Platforms.ActiveCfg = Release|Any CPU
		{D8A442F2-A2E6-4E01-8BF6-A3B42ED07AA6}.Release|Mixed Platforms.Build.0 = Release|Any CPU
		{351A5271-3295-464B-B76D-C2C5480235BE}.Ad-Hoc|Any CPU.ActiveCfg = Release|Any CPU
		{351A5271-3295-464B-B76D-C2C5480235BE}.Ad-Hoc|Any CPU.Build.0 = Release|Any CPU
		{351A5271-3295-464B-B76D-C2C5480235BE}.Ad-Hoc|iPhone.ActiveCfg = Release|Any CPU
		{351A5271-3295-464B-B76D-C2C5480235BE}.Ad-Hoc|iPhoneSimulator.ActiveCfg = Release|Any CPU
		{351A5271-3295-464B-B76D-C2C5480235BE}.Ad-Hoc|Mixed Platforms.ActiveCfg = Release|Any CPU
		{351A5271-3295-464B-B76D-C2C5480235BE}.Ad-Hoc|Mixed Platforms.Build.0 = Release|Any CPU
		{351A5271-3295-464B-B76D-C2C5480235BE}.AppStore|Any CPU.ActiveCfg = Release|Any CPU
		{351A5271-3295-464B-B76D-C2C5480235BE}.AppStore|Any CPU.Build.0 = Release|Any CPU
		{351A5271-3295-464B-B76D-C2C5480235BE}.AppStore|iPhone.ActiveCfg = Release|Any CPU
		{351A5271-3295-464B-B76D-C2C5480235BE}.AppStore|iPhoneSimulator.ActiveCfg = Release|Any CPU
		{351A5271-3295-464B-B76D-C2C5480235BE}.AppStore|Mixed Platforms.ActiveCfg = Release|Any CPU
		{351A5271-3295-464B-B76D-C2C5480235BE}.AppStore|Mixed Platforms.Build.0 = Release|Any CPU
		{351A5271-3295-464B-B76D-C2C5480235BE}.Debug|Any CPU.ActiveCfg = Debug|Any CPU
		{351A5271-3295-464B-B76D-C2C5480235BE}.Debug|Any CPU.Build.0 = Debug|Any CPU
		{351A5271-3295-464B-B76D-C2C5480235BE}.Debug|iPhone.ActiveCfg = Debug|Any CPU
		{351A5271-3295-464B-B76D-C2C5480235BE}.Debug|iPhoneSimulator.ActiveCfg = Debug|Any CPU
		{351A5271-3295-464B-B76D-C2C5480235BE}.Debug|Mixed Platforms.ActiveCfg = Debug|Any CPU
		{351A5271-3295-464B-B76D-C2C5480235BE}.Debug|Mixed Platforms.Build.0 = Debug|Any CPU
		{351A5271-3295-464B-B76D-C2C5480235BE}.Release|Any CPU.ActiveCfg = Release|Any CPU
		{351A5271-3295-464B-B76D-C2C5480235BE}.Release|Any CPU.Build.0 = Release|Any CPU
		{351A5271-3295-464B-B76D-C2C5480235BE}.Release|iPhone.ActiveCfg = Release|Any CPU
		{351A5271-3295-464B-B76D-C2C5480235BE}.Release|iPhoneSimulator.ActiveCfg = Release|Any CPU
		{351A5271-3295-464B-B76D-C2C5480235BE}.Release|Mixed Platforms.ActiveCfg = Release|Any CPU
		{351A5271-3295-464B-B76D-C2C5480235BE}.Release|Mixed Platforms.Build.0 = Release|Any CPU
		{F269AFF2-784E-4668-9862-ADBB40463A3A}.Ad-Hoc|Any CPU.ActiveCfg = Release|Any CPU
		{F269AFF2-784E-4668-9862-ADBB40463A3A}.Ad-Hoc|Any CPU.Build.0 = Release|Any CPU
		{F269AFF2-784E-4668-9862-ADBB40463A3A}.Ad-Hoc|iPhone.ActiveCfg = Release|Any CPU
		{F269AFF2-784E-4668-9862-ADBB40463A3A}.Ad-Hoc|iPhoneSimulator.ActiveCfg = Release|Any CPU
		{F269AFF2-784E-4668-9862-ADBB40463A3A}.Ad-Hoc|Mixed Platforms.ActiveCfg = Release|Any CPU
		{F269AFF2-784E-4668-9862-ADBB40463A3A}.Ad-Hoc|Mixed Platforms.Build.0 = Release|Any CPU
		{F269AFF2-784E-4668-9862-ADBB40463A3A}.AppStore|Any CPU.ActiveCfg = Release|Any CPU
		{F269AFF2-784E-4668-9862-ADBB40463A3A}.AppStore|Any CPU.Build.0 = Release|Any CPU
		{F269AFF2-784E-4668-9862-ADBB40463A3A}.AppStore|iPhone.ActiveCfg = Release|Any CPU
		{F269AFF2-784E-4668-9862-ADBB40463A3A}.AppStore|iPhoneSimulator.ActiveCfg = Release|Any CPU
		{F269AFF2-784E-4668-9862-ADBB40463A3A}.AppStore|Mixed Platforms.ActiveCfg = Release|Any CPU
		{F269AFF2-784E-4668-9862-ADBB40463A3A}.AppStore|Mixed Platforms.Build.0 = Release|Any CPU
		{F269AFF2-784E-4668-9862-ADBB40463A3A}.Debug|Any CPU.ActiveCfg = Debug|Any CPU
		{F269AFF2-784E-4668-9862-ADBB40463A3A}.Debug|Any CPU.Build.0 = Debug|Any CPU
		{F269AFF2-784E-4668-9862-ADBB40463A3A}.Debug|iPhone.ActiveCfg = Debug|Any CPU
		{F269AFF2-784E-4668-9862-ADBB40463A3A}.Debug|iPhoneSimulator.ActiveCfg = Debug|Any CPU
		{F269AFF2-784E-4668-9862-ADBB40463A3A}.Debug|Mixed Platforms.ActiveCfg = Debug|Any CPU
		{F269AFF2-784E-4668-9862-ADBB40463A3A}.Debug|Mixed Platforms.Build.0 = Debug|Any CPU
		{F269AFF2-784E-4668-9862-ADBB40463A3A}.Release|Any CPU.ActiveCfg = Release|Any CPU
		{F269AFF2-784E-4668-9862-ADBB40463A3A}.Release|Any CPU.Build.0 = Release|Any CPU
		{F269AFF2-784E-4668-9862-ADBB40463A3A}.Release|iPhone.ActiveCfg = Release|Any CPU
		{F269AFF2-784E-4668-9862-ADBB40463A3A}.Release|iPhoneSimulator.ActiveCfg = Release|Any CPU
		{F269AFF2-784E-4668-9862-ADBB40463A3A}.Release|Mixed Platforms.ActiveCfg = Release|Any CPU
		{F269AFF2-784E-4668-9862-ADBB40463A3A}.Release|Mixed Platforms.Build.0 = Release|Any CPU
		{2CA084DE-B1A7-4B38-B39C-4E0C5FDC0F27}.Ad-Hoc|Any CPU.ActiveCfg = Release|Any CPU
		{2CA084DE-B1A7-4B38-B39C-4E0C5FDC0F27}.Ad-Hoc|Any CPU.Build.0 = Release|Any CPU
		{2CA084DE-B1A7-4B38-B39C-4E0C5FDC0F27}.Ad-Hoc|iPhone.ActiveCfg = Release|Any CPU
		{2CA084DE-B1A7-4B38-B39C-4E0C5FDC0F27}.Ad-Hoc|iPhoneSimulator.ActiveCfg = Release|Any CPU
		{2CA084DE-B1A7-4B38-B39C-4E0C5FDC0F27}.Ad-Hoc|Mixed Platforms.ActiveCfg = Release|Any CPU
		{2CA084DE-B1A7-4B38-B39C-4E0C5FDC0F27}.Ad-Hoc|Mixed Platforms.Build.0 = Release|Any CPU
		{2CA084DE-B1A7-4B38-B39C-4E0C5FDC0F27}.AppStore|Any CPU.ActiveCfg = Release|Any CPU
		{2CA084DE-B1A7-4B38-B39C-4E0C5FDC0F27}.AppStore|Any CPU.Build.0 = Release|Any CPU
		{2CA084DE-B1A7-4B38-B39C-4E0C5FDC0F27}.AppStore|iPhone.ActiveCfg = Release|Any CPU
		{2CA084DE-B1A7-4B38-B39C-4E0C5FDC0F27}.AppStore|iPhoneSimulator.ActiveCfg = Release|Any CPU
		{2CA084DE-B1A7-4B38-B39C-4E0C5FDC0F27}.AppStore|Mixed Platforms.ActiveCfg = Release|Any CPU
		{2CA084DE-B1A7-4B38-B39C-4E0C5FDC0F27}.AppStore|Mixed Platforms.Build.0 = Release|Any CPU
		{2CA084DE-B1A7-4B38-B39C-4E0C5FDC0F27}.Debug|Any CPU.ActiveCfg = Debug|Any CPU
		{2CA084DE-B1A7-4B38-B39C-4E0C5FDC0F27}.Debug|Any CPU.Build.0 = Debug|Any CPU
		{2CA084DE-B1A7-4B38-B39C-4E0C5FDC0F27}.Debug|iPhone.ActiveCfg = Debug|Any CPU
		{2CA084DE-B1A7-4B38-B39C-4E0C5FDC0F27}.Debug|iPhoneSimulator.ActiveCfg = Debug|Any CPU
		{2CA084DE-B1A7-4B38-B39C-4E0C5FDC0F27}.Debug|Mixed Platforms.ActiveCfg = Debug|Any CPU
		{2CA084DE-B1A7-4B38-B39C-4E0C5FDC0F27}.Debug|Mixed Platforms.Build.0 = Debug|Any CPU
		{2CA084DE-B1A7-4B38-B39C-4E0C5FDC0F27}.Release|Any CPU.ActiveCfg = Release|Any CPU
		{2CA084DE-B1A7-4B38-B39C-4E0C5FDC0F27}.Release|Any CPU.Build.0 = Release|Any CPU
		{2CA084DE-B1A7-4B38-B39C-4E0C5FDC0F27}.Release|iPhone.ActiveCfg = Release|Any CPU
		{2CA084DE-B1A7-4B38-B39C-4E0C5FDC0F27}.Release|iPhoneSimulator.ActiveCfg = Release|Any CPU
		{2CA084DE-B1A7-4B38-B39C-4E0C5FDC0F27}.Release|Mixed Platforms.ActiveCfg = Release|Any CPU
		{2CA084DE-B1A7-4B38-B39C-4E0C5FDC0F27}.Release|Mixed Platforms.Build.0 = Release|Any CPU
		{CE8F70D7-DE52-489C-8CEA-6D1E817BB692}.Ad-Hoc|Any CPU.ActiveCfg = Release|Any CPU
		{CE8F70D7-DE52-489C-8CEA-6D1E817BB692}.Ad-Hoc|Any CPU.Build.0 = Release|Any CPU
		{CE8F70D7-DE52-489C-8CEA-6D1E817BB692}.Ad-Hoc|iPhone.ActiveCfg = Release|Any CPU
		{CE8F70D7-DE52-489C-8CEA-6D1E817BB692}.Ad-Hoc|iPhoneSimulator.ActiveCfg = Release|Any CPU
		{CE8F70D7-DE52-489C-8CEA-6D1E817BB692}.Ad-Hoc|Mixed Platforms.ActiveCfg = Release|Any CPU
		{CE8F70D7-DE52-489C-8CEA-6D1E817BB692}.Ad-Hoc|Mixed Platforms.Build.0 = Release|Any CPU
		{CE8F70D7-DE52-489C-8CEA-6D1E817BB692}.AppStore|Any CPU.ActiveCfg = Release|Any CPU
		{CE8F70D7-DE52-489C-8CEA-6D1E817BB692}.AppStore|Any CPU.Build.0 = Release|Any CPU
		{CE8F70D7-DE52-489C-8CEA-6D1E817BB692}.AppStore|iPhone.ActiveCfg = Release|Any CPU
		{CE8F70D7-DE52-489C-8CEA-6D1E817BB692}.AppStore|iPhoneSimulator.ActiveCfg = Release|Any CPU
		{CE8F70D7-DE52-489C-8CEA-6D1E817BB692}.AppStore|Mixed Platforms.ActiveCfg = Release|Any CPU
		{CE8F70D7-DE52-489C-8CEA-6D1E817BB692}.AppStore|Mixed Platforms.Build.0 = Release|Any CPU
		{CE8F70D7-DE52-489C-8CEA-6D1E817BB692}.Debug|Any CPU.ActiveCfg = Debug|Any CPU
		{CE8F70D7-DE52-489C-8CEA-6D1E817BB692}.Debug|Any CPU.Build.0 = Debug|Any CPU
		{CE8F70D7-DE52-489C-8CEA-6D1E817BB692}.Debug|iPhone.ActiveCfg = Debug|Any CPU
		{CE8F70D7-DE52-489C-8CEA-6D1E817BB692}.Debug|iPhoneSimulator.ActiveCfg = Debug|Any CPU
		{CE8F70D7-DE52-489C-8CEA-6D1E817BB692}.Debug|Mixed Platforms.ActiveCfg = Debug|Any CPU
		{CE8F70D7-DE52-489C-8CEA-6D1E817BB692}.Debug|Mixed Platforms.Build.0 = Debug|Any CPU
		{CE8F70D7-DE52-489C-8CEA-6D1E817BB692}.Release|Any CPU.ActiveCfg = Release|Any CPU
		{CE8F70D7-DE52-489C-8CEA-6D1E817BB692}.Release|Any CPU.Build.0 = Release|Any CPU
		{CE8F70D7-DE52-489C-8CEA-6D1E817BB692}.Release|iPhone.ActiveCfg = Release|Any CPU
		{CE8F70D7-DE52-489C-8CEA-6D1E817BB692}.Release|iPhoneSimulator.ActiveCfg = Release|Any CPU
		{CE8F70D7-DE52-489C-8CEA-6D1E817BB692}.Release|Mixed Platforms.ActiveCfg = Release|Any CPU
		{CE8F70D7-DE52-489C-8CEA-6D1E817BB692}.Release|Mixed Platforms.Build.0 = Release|Any CPU
		{1B04B972-871D-41E4-95F9-66A030ADE7E0}.Ad-Hoc|Any CPU.ActiveCfg = Release|Any CPU
		{1B04B972-871D-41E4-95F9-66A030ADE7E0}.Ad-Hoc|Any CPU.Build.0 = Release|Any CPU
		{1B04B972-871D-41E4-95F9-66A030ADE7E0}.Ad-Hoc|iPhone.ActiveCfg = Release|Any CPU
		{1B04B972-871D-41E4-95F9-66A030ADE7E0}.Ad-Hoc|iPhoneSimulator.ActiveCfg = Release|Any CPU
		{1B04B972-871D-41E4-95F9-66A030ADE7E0}.Ad-Hoc|Mixed Platforms.ActiveCfg = Release|Any CPU
		{1B04B972-871D-41E4-95F9-66A030ADE7E0}.Ad-Hoc|Mixed Platforms.Build.0 = Release|Any CPU
		{1B04B972-871D-41E4-95F9-66A030ADE7E0}.AppStore|Any CPU.ActiveCfg = Release|Any CPU
		{1B04B972-871D-41E4-95F9-66A030ADE7E0}.AppStore|Any CPU.Build.0 = Release|Any CPU
		{1B04B972-871D-41E4-95F9-66A030ADE7E0}.AppStore|iPhone.ActiveCfg = Release|Any CPU
		{1B04B972-871D-41E4-95F9-66A030ADE7E0}.AppStore|iPhoneSimulator.ActiveCfg = Release|Any CPU
		{1B04B972-871D-41E4-95F9-66A030ADE7E0}.AppStore|Mixed Platforms.ActiveCfg = Release|Any CPU
		{1B04B972-871D-41E4-95F9-66A030ADE7E0}.AppStore|Mixed Platforms.Build.0 = Release|Any CPU
		{1B04B972-871D-41E4-95F9-66A030ADE7E0}.Debug|Any CPU.ActiveCfg = Debug|Any CPU
		{1B04B972-871D-41E4-95F9-66A030ADE7E0}.Debug|Any CPU.Build.0 = Debug|Any CPU
		{1B04B972-871D-41E4-95F9-66A030ADE7E0}.Debug|iPhone.ActiveCfg = Debug|Any CPU
		{1B04B972-871D-41E4-95F9-66A030ADE7E0}.Debug|iPhoneSimulator.ActiveCfg = Debug|Any CPU
		{1B04B972-871D-41E4-95F9-66A030ADE7E0}.Debug|Mixed Platforms.ActiveCfg = Debug|Any CPU
		{1B04B972-871D-41E4-95F9-66A030ADE7E0}.Debug|Mixed Platforms.Build.0 = Debug|Any CPU
		{1B04B972-871D-41E4-95F9-66A030ADE7E0}.Release|Any CPU.ActiveCfg = Release|Any CPU
		{1B04B972-871D-41E4-95F9-66A030ADE7E0}.Release|Any CPU.Build.0 = Release|Any CPU
		{1B04B972-871D-41E4-95F9-66A030ADE7E0}.Release|iPhone.ActiveCfg = Release|Any CPU
		{1B04B972-871D-41E4-95F9-66A030ADE7E0}.Release|iPhoneSimulator.ActiveCfg = Release|Any CPU
		{1B04B972-871D-41E4-95F9-66A030ADE7E0}.Release|Mixed Platforms.ActiveCfg = Release|Any CPU
		{1B04B972-871D-41E4-95F9-66A030ADE7E0}.Release|Mixed Platforms.Build.0 = Release|Any CPU
		{67F9D3A8-F71E-4428-913F-C37AE82CDB24}.Ad-Hoc|Any CPU.ActiveCfg = Release|Any CPU
		{67F9D3A8-F71E-4428-913F-C37AE82CDB24}.Ad-Hoc|Any CPU.Build.0 = Release|Any CPU
		{67F9D3A8-F71E-4428-913F-C37AE82CDB24}.Ad-Hoc|iPhone.ActiveCfg = Release|Any CPU
		{67F9D3A8-F71E-4428-913F-C37AE82CDB24}.Ad-Hoc|iPhoneSimulator.ActiveCfg = Release|Any CPU
		{67F9D3A8-F71E-4428-913F-C37AE82CDB24}.Ad-Hoc|Mixed Platforms.ActiveCfg = Release|Any CPU
		{67F9D3A8-F71E-4428-913F-C37AE82CDB24}.Ad-Hoc|Mixed Platforms.Build.0 = Release|Any CPU
		{67F9D3A8-F71E-4428-913F-C37AE82CDB24}.AppStore|Any CPU.ActiveCfg = Release|Any CPU
		{67F9D3A8-F71E-4428-913F-C37AE82CDB24}.AppStore|Any CPU.Build.0 = Release|Any CPU
		{67F9D3A8-F71E-4428-913F-C37AE82CDB24}.AppStore|iPhone.ActiveCfg = Release|Any CPU
		{67F9D3A8-F71E-4428-913F-C37AE82CDB24}.AppStore|iPhoneSimulator.ActiveCfg = Release|Any CPU
		{67F9D3A8-F71E-4428-913F-C37AE82CDB24}.AppStore|Mixed Platforms.ActiveCfg = Release|Any CPU
		{67F9D3A8-F71E-4428-913F-C37AE82CDB24}.AppStore|Mixed Platforms.Build.0 = Release|Any CPU
		{67F9D3A8-F71E-4428-913F-C37AE82CDB24}.Debug|Any CPU.ActiveCfg = Debug|Any CPU
		{67F9D3A8-F71E-4428-913F-C37AE82CDB24}.Debug|Any CPU.Build.0 = Debug|Any CPU
		{67F9D3A8-F71E-4428-913F-C37AE82CDB24}.Debug|iPhone.ActiveCfg = Debug|Any CPU
		{67F9D3A8-F71E-4428-913F-C37AE82CDB24}.Debug|iPhoneSimulator.ActiveCfg = Debug|Any CPU
		{67F9D3A8-F71E-4428-913F-C37AE82CDB24}.Debug|Mixed Platforms.ActiveCfg = Debug|Any CPU
		{67F9D3A8-F71E-4428-913F-C37AE82CDB24}.Debug|Mixed Platforms.Build.0 = Debug|Any CPU
		{67F9D3A8-F71E-4428-913F-C37AE82CDB24}.Release|Any CPU.ActiveCfg = Release|Any CPU
		{67F9D3A8-F71E-4428-913F-C37AE82CDB24}.Release|Any CPU.Build.0 = Release|Any CPU
		{67F9D3A8-F71E-4428-913F-C37AE82CDB24}.Release|iPhone.ActiveCfg = Release|Any CPU
		{67F9D3A8-F71E-4428-913F-C37AE82CDB24}.Release|iPhoneSimulator.ActiveCfg = Release|Any CPU
		{67F9D3A8-F71E-4428-913F-C37AE82CDB24}.Release|Mixed Platforms.ActiveCfg = Release|Any CPU
		{67F9D3A8-F71E-4428-913F-C37AE82CDB24}.Release|Mixed Platforms.Build.0 = Release|Any CPU
	EndGlobalSection
	GlobalSection(SolutionProperties) = preSolution
		HideSolutionNode = FALSE
	EndGlobalSection
	GlobalSection(NestedProjects) = preSolution
		{704E7D49-AC74-4DFA-85C0-553B81DE8511} = {FE626B07-E7D9-42F6-A78E-03EE13661448}
		{526034DC-19CA-415D-9282-FC3D05D11C23} = {FE626B07-E7D9-42F6-A78E-03EE13661448}
		{FBC76A5C-A5FA-4AC7-B618-954D2C3A8985} = {5F18D685-284F-491C-A6BE-4BADB13D5C4A}
		{5AB139B3-4E32-4AD6-A2EB-815D759D5F71} = {EE97A9B9-0A0E-4DBD-AD78-1630B36F32E2}
		{7B0E0A36-DFF5-4CC8-BC79-E75428DE8F68} = {EE97A9B9-0A0E-4DBD-AD78-1630B36F32E2}
		{87FD0421-00C6-4466-AD71-FC8A3D1F09E1} = {EE97A9B9-0A0E-4DBD-AD78-1630B36F32E2}
		{351A5271-3295-464B-B76D-C2C5480235BE} = {704E7D49-AC74-4DFA-85C0-553B81DE8511}
		{F269AFF2-784E-4668-9862-ADBB40463A3A} = {704E7D49-AC74-4DFA-85C0-553B81DE8511}
		{2CA084DE-B1A7-4B38-B39C-4E0C5FDC0F27} = {526034DC-19CA-415D-9282-FC3D05D11C23}
		{CE8F70D7-DE52-489C-8CEA-6D1E817BB692} = {526034DC-19CA-415D-9282-FC3D05D11C23}
		{1B04B972-871D-41E4-95F9-66A030ADE7E0} = {526034DC-19CA-415D-9282-FC3D05D11C23}
	EndGlobalSection
EndGlobal
